{
  "version": 4,
  "terraform_version": "1.9.8",
  "serial": 118,
  "lineage": "9cef0fe5-8a3b-868e-991f-099e855cfd4f",
  "outputs": {},
  "resources": [
    {
      "mode": "managed",
      "type": "aws_s3_bucket",
      "name": "bronze",
      "provider": "provider[\"registry.terraform.io/hashicorp/aws\"]",
      "instances": [
        {
          "schema_version": 0,
          "attributes": {
            "acceleration_status": "",
            "acl": null,
            "arn": "arn:aws:s3:::carloseduardo-bronze-bucket-20241028",
            "bucket": "carloseduardo-bronze-bucket-20241028",
            "bucket_domain_name": "carloseduardo-bronze-bucket-20241028.s3.amazonaws.com",
            "bucket_prefix": "",
            "bucket_regional_domain_name": "carloseduardo-bronze-bucket-20241028.s3.us-east-1.amazonaws.com",
            "cors_rule": [],
            "force_destroy": false,
            "grant": [
              {
                "id": "db85b688c5dc77828c3590eea0ea133e9dc25010f13afb61d5298159a72afe26",
                "permissions": [
                  "FULL_CONTROL"
                ],
                "type": "CanonicalUser",
                "uri": ""
              }
            ],
            "hosted_zone_id": "Z3AQBSTGFYJSTF",
            "id": "carloseduardo-bronze-bucket-20241028",
            "lifecycle_rule": [],
            "logging": [],
            "object_lock_configuration": [],
            "object_lock_enabled": false,
            "policy": "",
            "region": "us-east-1",
            "replication_configuration": [],
            "request_payer": "BucketOwner",
            "server_side_encryption_configuration": [
              {
                "rule": [
                  {
                    "apply_server_side_encryption_by_default": [
                      {
                        "kms_master_key_id": "",
                        "sse_algorithm": "AES256"
                      }
                    ],
                    "bucket_key_enabled": false
                  }
                ]
              }
            ],
            "tags": {},
            "tags_all": {},
            "timeouts": null,
            "versioning": [
              {
                "enabled": false,
                "mfa_delete": false
              }
            ],
            "website": [],
            "website_domain": null,
            "website_endpoint": null
          },
          "sensitive_attributes": [],
          "private": "eyJlMmJmYjczMC1lY2FhLTExZTYtOGY4OC0zNDM2M2JjN2M0YzAiOnsiY3JlYXRlIjoxMjAwMDAwMDAwMDAwLCJkZWxldGUiOjM2MDAwMDAwMDAwMDAsInJlYWQiOjEyMDAwMDAwMDAwMDAsInVwZGF0ZSI6MTIwMDAwMDAwMDAwMH19"
        }
      ]
    },
    {
      "mode": "managed",
      "type": "aws_s3_bucket",
      "name": "gold",
      "provider": "provider[\"registry.terraform.io/hashicorp/aws\"]",
      "instances": [
        {
          "schema_version": 0,
          "attributes": {
            "acceleration_status": "",
            "acl": null,
            "arn": "arn:aws:s3:::carloseduardo-gold-bucket-20241028",
            "bucket": "carloseduardo-gold-bucket-20241028",
            "bucket_domain_name": "carloseduardo-gold-bucket-20241028.s3.amazonaws.com",
            "bucket_prefix": "",
            "bucket_regional_domain_name": "carloseduardo-gold-bucket-20241028.s3.us-east-1.amazonaws.com",
            "cors_rule": [],
            "force_destroy": false,
            "grant": [
              {
                "id": "db85b688c5dc77828c3590eea0ea133e9dc25010f13afb61d5298159a72afe26",
                "permissions": [
                  "FULL_CONTROL"
                ],
                "type": "CanonicalUser",
                "uri": ""
              }
            ],
            "hosted_zone_id": "Z3AQBSTGFYJSTF",
            "id": "carloseduardo-gold-bucket-20241028",
            "lifecycle_rule": [],
            "logging": [],
            "object_lock_configuration": [],
            "object_lock_enabled": false,
            "policy": "",
            "region": "us-east-1",
            "replication_configuration": [],
            "request_payer": "BucketOwner",
            "server_side_encryption_configuration": [
              {
                "rule": [
                  {
                    "apply_server_side_encryption_by_default": [
                      {
                        "kms_master_key_id": "",
                        "sse_algorithm": "AES256"
                      }
                    ],
                    "bucket_key_enabled": false
                  }
                ]
              }
            ],
            "tags": {},
            "tags_all": {},
            "timeouts": null,
            "versioning": [
              {
                "enabled": false,
                "mfa_delete": false
              }
            ],
            "website": [],
            "website_domain": null,
            "website_endpoint": null
          },
          "sensitive_attributes": [],
          "private": "eyJlMmJmYjczMC1lY2FhLTExZTYtOGY4OC0zNDM2M2JjN2M0YzAiOnsiY3JlYXRlIjoxMjAwMDAwMDAwMDAwLCJkZWxldGUiOjM2MDAwMDAwMDAwMDAsInJlYWQiOjEyMDAwMDAwMDAwMDAsInVwZGF0ZSI6MTIwMDAwMDAwMDAwMH19"
        }
      ]
    },
    {
      "mode": "managed",
      "type": "aws_s3_bucket",
      "name": "local_files",
      "provider": "provider[\"registry.terraform.io/hashicorp/aws\"]",
      "instances": [
        {
          "schema_version": 0,
          "attributes": {
            "acceleration_status": "",
            "acl": null,
            "arn": "arn:aws:s3:::carloseduardo-local-files-bucket-20241028",
            "bucket": "carloseduardo-local-files-bucket-20241028",
            "bucket_domain_name": "carloseduardo-local-files-bucket-20241028.s3.amazonaws.com",
            "bucket_prefix": "",
            "bucket_regional_domain_name": "carloseduardo-local-files-bucket-20241028.s3.us-east-1.amazonaws.com",
            "cors_rule": [],
            "force_destroy": false,
            "grant": [
              {
                "id": "db85b688c5dc77828c3590eea0ea133e9dc25010f13afb61d5298159a72afe26",
                "permissions": [
                  "FULL_CONTROL"
                ],
                "type": "CanonicalUser",
                "uri": ""
              }
            ],
            "hosted_zone_id": "Z3AQBSTGFYJSTF",
            "id": "carloseduardo-local-files-bucket-20241028",
            "lifecycle_rule": [],
            "logging": [],
            "object_lock_configuration": [],
            "object_lock_enabled": false,
            "policy": "",
            "region": "us-east-1",
            "replication_configuration": [],
            "request_payer": "BucketOwner",
            "server_side_encryption_configuration": [
              {
                "rule": [
                  {
                    "apply_server_side_encryption_by_default": [
                      {
                        "kms_master_key_id": "",
                        "sse_algorithm": "AES256"
                      }
                    ],
                    "bucket_key_enabled": false
                  }
                ]
              }
            ],
            "tags": {},
            "tags_all": {},
            "timeouts": null,
            "versioning": [
              {
                "enabled": false,
                "mfa_delete": false
              }
            ],
            "website": [],
            "website_domain": null,
            "website_endpoint": null
          },
          "sensitive_attributes": [],
          "private": "eyJlMmJmYjczMC1lY2FhLTExZTYtOGY4OC0zNDM2M2JjN2M0YzAiOnsiY3JlYXRlIjoxMjAwMDAwMDAwMDAwLCJkZWxldGUiOjM2MDAwMDAwMDAwMDAsInJlYWQiOjEyMDAwMDAwMDAwMDAsInVwZGF0ZSI6MTIwMDAwMDAwMDAwMH19"
        }
      ]
    },
    {
      "mode": "managed",
      "type": "aws_s3_bucket",
      "name": "silver",
      "provider": "provider[\"registry.terraform.io/hashicorp/aws\"]",
      "instances": [
        {
          "schema_version": 0,
          "attributes": {
            "acceleration_status": "",
            "acl": null,
            "arn": "arn:aws:s3:::carloseduardo-silver-bucket-20241028",
            "bucket": "carloseduardo-silver-bucket-20241028",
            "bucket_domain_name": "carloseduardo-silver-bucket-20241028.s3.amazonaws.com",
            "bucket_prefix": "",
            "bucket_regional_domain_name": "carloseduardo-silver-bucket-20241028.s3.us-east-1.amazonaws.com",
            "cors_rule": [],
            "force_destroy": false,
            "grant": [
              {
                "id": "db85b688c5dc77828c3590eea0ea133e9dc25010f13afb61d5298159a72afe26",
                "permissions": [
                  "FULL_CONTROL"
                ],
                "type": "CanonicalUser",
                "uri": ""
              }
            ],
            "hosted_zone_id": "Z3AQBSTGFYJSTF",
            "id": "carloseduardo-silver-bucket-20241028",
            "lifecycle_rule": [],
            "logging": [],
            "object_lock_configuration": [],
            "object_lock_enabled": false,
            "policy": "",
            "region": "us-east-1",
            "replication_configuration": [],
            "request_payer": "BucketOwner",
            "server_side_encryption_configuration": [
              {
                "rule": [
                  {
                    "apply_server_side_encryption_by_default": [
                      {
                        "kms_master_key_id": "",
                        "sse_algorithm": "AES256"
                      }
                    ],
                    "bucket_key_enabled": false
                  }
                ]
              }
            ],
            "tags": {},
            "tags_all": {},
            "timeouts": null,
            "versioning": [
              {
                "enabled": false,
                "mfa_delete": false
              }
            ],
            "website": [],
            "website_domain": null,
            "website_endpoint": null
          },
          "sensitive_attributes": [],
          "private": "eyJlMmJmYjczMC1lY2FhLTExZTYtOGY4OC0zNDM2M2JjN2M0YzAiOnsiY3JlYXRlIjoxMjAwMDAwMDAwMDAwLCJkZWxldGUiOjM2MDAwMDAwMDAwMDAsInJlYWQiOjEyMDAwMDAwMDAwMDAsInVwZGF0ZSI6MTIwMDAwMDAwMDAwMH19"
        }
      ]
    },
    {
      "mode": "managed",
      "type": "aws_s3_bucket_notification",
      "name": "bronze_notification",
      "provider": "provider[\"registry.terraform.io/hashicorp/aws\"]",
      "instances": [
        {
          "schema_version": 0,
          "attributes": {
            "bucket": "carloseduardo-bronze-bucket-20241028",
            "eventbridge": false,
            "id": "carloseduardo-bronze-bucket-20241028",
            "lambda_function": [],
            "queue": [],
            "topic": [
              {
                "events": [
                  "s3:ObjectCreated:*"
                ],
                "filter_prefix": "",
                "filter_suffix": "",
                "id": "tf-s3-topic-20241028234407312500000001",
                "topic_arn": "arn:aws:sns:us-east-1:841162704566:file-notifications-topic"
              }
            ]
          },
          "sensitive_attributes": [],
          "private": "bnVsbA==",
          "dependencies": [
            "aws_s3_bucket.bronze",
            "aws_sns_topic.file_notifications"
          ]
        }
      ]
    },
    {
      "mode": "managed",
      "type": "aws_s3_bucket_notification",
      "name": "silver_notification",
      "provider": "provider[\"registry.terraform.io/hashicorp/aws\"]",
      "instances": [
        {
          "schema_version": 0,
          "attributes": {
            "bucket": "carloseduardo-silver-bucket-20241028",
            "eventbridge": false,
            "id": "carloseduardo-silver-bucket-20241028",
            "lambda_function": [],
            "queue": [],
            "topic": [
              {
                "events": [
                  "s3:ObjectCreated:*"
                ],
                "filter_prefix": "",
                "filter_suffix": "",
                "id": "tf-s3-topic-20241028234407313100000002",
                "topic_arn": "arn:aws:sns:us-east-1:841162704566:file-notifications-topic"
              }
            ]
          },
          "sensitive_attributes": [],
          "private": "bnVsbA==",
          "dependencies": [
            "aws_s3_bucket.silver",
            "aws_sns_topic.file_notifications"
          ]
        }
      ]
    },
    {
      "mode": "managed",
      "type": "aws_sns_topic",
      "name": "file_notifications",
      "provider": "provider[\"registry.terraform.io/hashicorp/aws\"]",
      "instances": [
        {
          "schema_version": 0,
          "attributes": {
            "application_failure_feedback_role_arn": "",
            "application_success_feedback_role_arn": "",
            "application_success_feedback_sample_rate": 0,
            "archive_policy": "",
            "arn": "arn:aws:sns:us-east-1:841162704566:file-notifications-topic",
            "beginning_archive_time": "",
            "content_based_deduplication": false,
            "delivery_policy": "",
            "display_name": "",
            "fifo_topic": false,
            "firehose_failure_feedback_role_arn": "",
            "firehose_success_feedback_role_arn": "",
            "firehose_success_feedback_sample_rate": 0,
            "http_failure_feedback_role_arn": "",
            "http_success_feedback_role_arn": "",
            "http_success_feedback_sample_rate": 0,
            "id": "arn:aws:sns:us-east-1:841162704566:file-notifications-topic",
            "kms_master_key_id": "",
            "lambda_failure_feedback_role_arn": "",
            "lambda_success_feedback_role_arn": "",
            "lambda_success_feedback_sample_rate": 0,
            "name": "file-notifications-topic",
            "name_prefix": "",
            "owner": "841162704566",
            "policy": "{\"Id\":\"__default_policy_ID\",\"Statement\":[{\"Action\":[\"SNS:GetTopicAttributes\",\"SNS:SetTopicAttributes\",\"SNS:AddPermission\",\"SNS:RemovePermission\",\"SNS:DeleteTopic\",\"SNS:Subscribe\",\"SNS:ListSubscriptionsByTopic\",\"SNS:Publish\"],\"Condition\":{\"StringEquals\":{\"AWS:SourceOwner\":\"841162704566\"}},\"Effect\":\"Allow\",\"Principal\":{\"AWS\":\"*\"},\"Resource\":\"arn:aws:sns:us-east-1:841162704566:file-notifications-topic\",\"Sid\":\"__default_statement_ID\"}],\"Version\":\"2008-10-17\"}",
            "signature_version": 0,
            "sqs_failure_feedback_role_arn": "",
            "sqs_success_feedback_role_arn": "",
            "sqs_success_feedback_sample_rate": 0,
            "tags": {},
            "tags_all": {},
            "tracing_config": ""
          },
          "sensitive_attributes": [],
          "private": "bnVsbA=="
        }
      ]
    },
    {
      "mode": "managed",
      "type": "aws_sns_topic_policy",
      "name": "sns_policy",
      "provider": "provider[\"registry.terraform.io/hashicorp/aws\"]",
      "instances": [
        {
          "schema_version": 0,
          "attributes": {
            "arn": "arn:aws:sns:us-east-1:841162704566:file-notifications-topic",
            "id": "arn:aws:sns:us-east-1:841162704566:file-notifications-topic",
            "owner": "841162704566",
            "policy": "{\"Statement\":[{\"Action\":\"SNS:Publish\",\"Condition\":{\"StringEquals\":{\"AWS:SourceArn\":\"arn:aws:s3:::carloseduardo-bronze-bucket-20241028\"}},\"Effect\":\"Allow\",\"Principal\":{\"Service\":\"s3.amazonaws.com\"},\"Resource\":\"arn:aws:sns:us-east-1:841162704566:file-notifications-topic\",\"Sid\":\"BronzeBucketNotification\"},{\"Action\":\"SNS:Publish\",\"Condition\":{\"StringEquals\":{\"AWS:SourceArn\":\"arn:aws:s3:::carloseduardo-silver-bucket-20241028\"}},\"Effect\":\"Allow\",\"Principal\":{\"Service\":\"s3.amazonaws.com\"},\"Resource\":\"arn:aws:sns:us-east-1:841162704566:file-notifications-topic\",\"Sid\":\"SilverBucketNotification\"},{\"Action\":\"SNS:Publish\",\"Condition\":{\"StringEquals\":{\"AWS:SourceArn\":\"arn:aws:s3:::carloseduardo-gold-bucket-20241028\"}},\"Effect\":\"Allow\",\"Principal\":{\"Service\":\"s3.amazonaws.com\"},\"Resource\":\"arn:aws:sns:us-east-1:841162704566:file-notifications-topic\",\"Sid\":\"GoldBucketNotification\"}],\"Version\":\"2012-10-17\"}"
          },
          "sensitive_attributes": [],
          "private": "bnVsbA==",
          "dependencies": [
            "aws_s3_bucket.bronze",
            "aws_s3_bucket.gold",
            "aws_s3_bucket.silver",
            "aws_sns_topic.file_notifications"
          ]
        }
      ]
    },
    {
      "mode": "managed",
      "type": "aws_sns_topic_subscription",
      "name": "sqs_subscription",
      "provider": "provider[\"registry.terraform.io/hashicorp/aws\"]",
      "instances": [
        {
          "schema_version": 0,
          "attributes": {
            "arn": "arn:aws:sns:us-east-1:841162704566:file-notifications-topic:71aa36f6-56dd-4e0d-a89e-26d68a0bf9c5",
            "confirmation_timeout_in_minutes": 1,
            "confirmation_was_authenticated": true,
            "delivery_policy": "",
            "endpoint": "arn:aws:sqs:us-east-1:841162704566:file-notifications-queue",
            "endpoint_auto_confirms": false,
            "filter_policy": "",
            "filter_policy_scope": "",
            "id": "arn:aws:sns:us-east-1:841162704566:file-notifications-topic:71aa36f6-56dd-4e0d-a89e-26d68a0bf9c5",
            "owner_id": "841162704566",
            "pending_confirmation": false,
            "protocol": "sqs",
            "raw_message_delivery": false,
            "redrive_policy": "",
            "replay_policy": "",
            "subscription_role_arn": "",
            "topic_arn": "arn:aws:sns:us-east-1:841162704566:file-notifications-topic"
          },
          "sensitive_attributes": [],
          "private": "bnVsbA==",
          "dependencies": [
            "aws_sns_topic.file_notifications",
            "aws_sqs_queue.file_queue"
          ]
        }
      ]
    },
    {
      "mode": "managed",
      "type": "aws_sqs_queue",
      "name": "file_queue",
      "provider": "provider[\"registry.terraform.io/hashicorp/aws\"]",
      "instances": [
        {
          "schema_version": 0,
          "attributes": {
            "arn": "arn:aws:sqs:us-east-1:841162704566:file-notifications-queue",
            "content_based_deduplication": false,
            "deduplication_scope": "",
            "delay_seconds": 0,
            "fifo_queue": false,
            "fifo_throughput_limit": "",
            "id": "https://sqs.us-east-1.amazonaws.com/841162704566/file-notifications-queue",
            "kms_data_key_reuse_period_seconds": 300,
            "kms_master_key_id": "",
            "max_message_size": 262144,
            "message_retention_seconds": 86400,
            "name": "file-notifications-queue",
            "name_prefix": "",
            "policy": "{\"Statement\":[{\"Action\":\"sqs:SendMessage\",\"Condition\":{\"ArnEquals\":{\"aws:SourceArn\":\"arn:aws:sns:us-east-1:841162704566:file-notifications-topic\"}},\"Effect\":\"Allow\",\"Principal\":\"*\",\"Resource\":\"arn:aws:sqs:us-east-1:841162704566:file-notifications-queue\"}],\"Version\":\"2012-10-17\"}",
            "receive_wait_time_seconds": 0,
            "redrive_allow_policy": "",
            "redrive_policy": "",
            "sqs_managed_sse_enabled": true,
            "tags": {},
            "tags_all": {},
            "url": "https://sqs.us-east-1.amazonaws.com/841162704566/file-notifications-queue",
            "visibility_timeout_seconds": 300
          },
          "sensitive_attributes": [],
          "private": "bnVsbA=="
        }
      ]
    },
    {
      "mode": "managed",
      "type": "aws_sqs_queue_policy",
      "name": "sqs_policy",
      "provider": "provider[\"registry.terraform.io/hashicorp/aws\"]",
      "instances": [
        {
          "schema_version": 1,
          "attributes": {
            "id": "https://sqs.us-east-1.amazonaws.com/841162704566/file-notifications-queue",
            "policy": "{\"Statement\":[{\"Action\":\"sqs:SendMessage\",\"Condition\":{\"ArnEquals\":{\"aws:SourceArn\":\"arn:aws:sns:us-east-1:841162704566:file-notifications-topic\"}},\"Effect\":\"Allow\",\"Principal\":\"*\",\"Resource\":\"arn:aws:sqs:us-east-1:841162704566:file-notifications-queue\"}],\"Version\":\"2012-10-17\"}",
            "queue_url": "https://sqs.us-east-1.amazonaws.com/841162704566/file-notifications-queue"
          },
          "sensitive_attributes": [],
          "private": "eyJzY2hlbWFfdmVyc2lvbiI6IjEifQ==",
          "dependencies": [
            "aws_sns_topic.file_notifications",
            "aws_sqs_queue.file_queue"
          ]
        }
      ]
    }
  ],
  "check_results": null
}
